{
  "version": 1,
  "dependencies": {
    "net8.0": {
      "Questrade.Library.PubSubClientHelper": {
        "type": "Direct",
        "requested": "[4.0.0, )",
        "resolved": "4.0.0",
        "contentHash": "+tAvGbjny6OrsQN4FJDV+b4ieFNEmFdNJ4+iQQE8hw+u6ALhc4aUctCWDhlhu4RIiHDwzJ2ZpFVwABo+8xlP3g==",
        "dependencies": {
          "Google.Cloud.PubSub.V1": "[3.9.0, 4.0.0)",
          "Microsoft.Extensions.Caching.Abstractions": "[8.0.0, 9.0.0)",
          "Microsoft.Extensions.Caching.Memory": "[8.0.0, 9.0.0)",
          "Microsoft.Extensions.Configuration": "[8.0.0, 9.0.0)",
          "Microsoft.Extensions.Configuration.Binder": "[8.0.0, 9.0.0)",
          "Microsoft.Extensions.DependencyInjection": "[8.0.0, 9.0.0)",
          "Microsoft.Extensions.Diagnostics.HealthChecks": "[8.0.0, 9.0.0)",
          "Microsoft.Extensions.Hosting.Abstractions": "[8.0.0, 9.0.0)",
          "Microsoft.Extensions.Logging.Abstractions": "[8.0.0, 9.0.0)",
          "Microsoft.IdentityModel.Logging": "[7.0.0, 8.0.0)",
          "Questrade.Library.HealthCheck.AspNetCore": "[3.0.0, 4.0.0)"
        }
      },
      "System.Threading.Tasks.Extensions": {
        "type": "Direct",
        "requested": "[4.5.4, )",
        "resolved": "4.5.4",
        "contentHash": "zteT+G8xuGu6mS+mzDzYXbzS7rd3K6Fjb9RiZlYlJPam2/hU7JCBZBVEcywNuR+oZ1ncTvc/cq0faRr3P01OVg=="
      },
      "Google.Api.CommonProtos": {
        "type": "Transitive",
        "resolved": "2.10.0",
        "contentHash": "qKMPAkOBzUdSv4oP9n9w57QtYSOfosHBsF6uR8zDiIxUI2EO6iSswnqk9TBF7ivfY92a5XqK5aZzYxQmznnNmQ==",
        "dependencies": {
          "Google.Protobuf": "[3.23.0, 4.0.0)"
        }
      },
      "Google.Api.Gax": {
        "type": "Transitive",
        "resolved": "4.4.0",
        "contentHash": "vkqxzz54dRdl3uUmz0hOhMfR9EjGrWJI+SeOl3UC1Gr/mHfHOwYiRPnJbub+77/xS0lAJBs02iOh3ay9zgzW4Q==",
        "dependencies": {
          "Microsoft.Bcl.AsyncInterfaces": "6.0.0",
          "Newtonsoft.Json": "13.0.3"
        }
      },
      "Google.Api.Gax.Grpc": {
        "type": "Transitive",
        "resolved": "4.4.0",
        "contentHash": "nqEaG8U08vVFrRMVfxbvtXsfYb9PxczavKQmXiqiqsfTfojMV6iJ371nA5y+gMfoixRjqrVAWo87kIPDu1a9DQ==",
        "dependencies": {
          "Google.Api.CommonProtos": "2.10.0",
          "Google.Api.Gax": "4.4.0",
          "Google.Apis.Auth": "[1.60.0, 2.0.0)",
          "Grpc.Auth": "[2.53.0, 3.0.0)",
          "Grpc.Core.Api": "[2.53.0, 3.0.0)",
          "Grpc.Net.Client": "[2.53.0, 3.0.0)",
          "Microsoft.Extensions.DependencyInjection.Abstractions": "6.0.0"
        }
      },
      "Google.Apis": {
        "type": "Transitive",
        "resolved": "1.60.0",
        "contentHash": "T8ojAsKlsMkt5nZhTQuocqHYzm/knVm8o2/JMm4louEjaKzT4x0FihoCIxCYSTRGWkYC27LPWspyG4p76+bMzA==",
        "dependencies": {
          "Google.Apis.Core": "1.60.0"
        }
      },
      "Google.Apis.Auth": {
        "type": "Transitive",
        "resolved": "1.60.0",
        "contentHash": "AUuWniIf2muns/9hesiF7yCKeQN+PbdTU864Rb2wDzW4xmepO6tEnoqREPeow95qIAgkOlL/byKeU65d3ox5Ng==",
        "dependencies": {
          "Google.Apis": "1.60.0",
          "Google.Apis.Core": "1.60.0"
        }
      },
      "Google.Apis.Core": {
        "type": "Transitive",
        "resolved": "1.60.0",
        "contentHash": "NOkjqMQblYEZXt2OEgshWayveYW11Pi+Uz0I30Kzl9BvL4TZLJzMqtiu1EdV8XkyyjGuAUgANdi4BOqRDlbVEw==",
        "dependencies": {
          "Newtonsoft.Json": "13.0.2"
        }
      },
      "Google.Cloud.Iam.V1": {
        "type": "Transitive",
        "resolved": "3.0.0",
        "contentHash": "uZI2PbIj6njiW7dAdlbyGtAFO3oRPXa1o90w9p+aWcuOGTZPJkEShGATcGVXIXtdnQ+pXLfnXhreiRgkgkyx4Q==",
        "dependencies": {
          "Google.Api.Gax.Grpc": "[4.0.0, 5.0.0)"
        }
      },
      "Google.Cloud.PubSub.V1": {
        "type": "Transitive",
        "resolved": "3.9.0",
        "contentHash": "Jx/4ZQml4hqZNxxLyaanFLWSufzfdQZhgGdqwd5ZF56aexSVrSSrWE1XKlc47iWgurYP+1yJNVbdHPTxSYPGqA==",
        "dependencies": {
          "Google.Api.Gax.Grpc": "[4.4.0, 5.0.0)",
          "Google.Cloud.Iam.V1": "[3.0.0, 4.0.0)"
        }
      },
      "Google.Protobuf": {
        "type": "Transitive",
        "resolved": "3.23.0",
        "contentHash": "sH4Jlv/vJQCqvYR9//Ia6RaDgG1HMTFlddBhSz5sbr9rQYYUuJ38SpOBv/m3mKkRfC6/ZdUtFQNczvAiYnIeqw=="
      },
      "Grpc.Auth": {
        "type": "Transitive",
        "resolved": "2.53.0",
        "contentHash": "i50OJ4jW/o5VHfi/3Xc9D9Tkn+8WrFNmbxAtFOFl1RiZDvI9K/XNoSi/o/jYY8sSuWr5DzHk6EEkwCEEJdkf5Q==",
        "dependencies": {
          "Google.Apis.Auth": "1.46.0",
          "Grpc.Core.Api": "2.53.0"
        }
      },
      "Grpc.Core.Api": {
        "type": "Transitive",
        "resolved": "2.53.0",
        "contentHash": "aIFksGygmlmijcLjcPcKR3FVSCpm5OZH8r81MjSlU+rNLW1i9zVszAivxUpiun/5nHq0Ycg1RrUCzA5xLfVuIw==",
        "dependencies": {
          "System.Memory": "4.5.3"
        }
      },
      "Grpc.Net.Client": {
        "type": "Transitive",
        "resolved": "2.53.0",
        "contentHash": "tH23ds+jJvx9dpvacQ5/EYIv7M7LJHPvIlOmlq4u0SflMRv07UXcg16KVUKKBUwNLR/uoLk8RtBiC7NKEHXbpg==",
        "dependencies": {
          "Grpc.Net.Common": "2.53.0",
          "Microsoft.Extensions.Logging.Abstractions": "3.0.3"
        }
      },
      "Grpc.Net.Common": {
        "type": "Transitive",
        "resolved": "2.53.0",
        "contentHash": "AcjscRF+QNpCZB2ITbl1b2zsCWM281+qPNTwLur+bA2FuhEvywfUZgJaKsP1NanOvkBetO1ai16LWcqnnUKZEA==",
        "dependencies": {
          "Grpc.Core.Api": "2.53.0"
        }
      },
      "Microsoft.Bcl.AsyncInterfaces": {
        "type": "Transitive",
        "resolved": "6.0.0",
        "contentHash": "UcSjPsst+DfAdJGVDsu346FX0ci0ah+lw3WRtn18NUwEqRt70HaOQ7lI72vy3+1LxtqI3T5GWwV39rQSrCzAeg=="
      },
      "Microsoft.Extensions.Caching.Abstractions": {
        "type": "Transitive",
        "resolved": "8.0.0",
        "contentHash": "3KuSxeHoNYdxVYfg2IRZCThcrlJ1XJqIXkAWikCsbm5C/bCjv7G0WoKDyuR98Q+T607QT2Zl5GsbGRkENcV2yQ==",
        "dependencies": {
          "Microsoft.Extensions.Primitives": "8.0.0"
        }
      },
      "Microsoft.Extensions.Caching.Memory": {
        "type": "Transitive",
        "resolved": "8.0.0",
        "contentHash": "7pqivmrZDzo1ADPkRwjy+8jtRKWRCPag9qPI+p7sgu7Q4QreWhcvbiWXsbhP+yY8XSiDvZpu2/LWdBv7PnmOpQ==",
        "dependencies": {
          "Microsoft.Extensions.Caching.Abstractions": "8.0.0",
          "Microsoft.Extensions.DependencyInjection.Abstractions": "8.0.0",
          "Microsoft.Extensions.Logging.Abstractions": "8.0.0",
          "Microsoft.Extensions.Options": "8.0.0",
          "Microsoft.Extensions.Primitives": "8.0.0"
        }
      },
      "Microsoft.Extensions.Configuration": {
        "type": "Transitive",
        "resolved": "8.0.0",
        "contentHash": "0J/9YNXTMWSZP2p2+nvl8p71zpSwokZXZuJW+VjdErkegAnFdO1XlqtA62SJtgVYHdKu3uPxJHcMR/r35HwFBA==",
        "dependencies": {
          "Microsoft.Extensions.Configuration.Abstractions": "8.0.0",
          "Microsoft.Extensions.Primitives": "8.0.0"
        }
      },
      "Microsoft.Extensions.Configuration.Abstractions": {
        "type": "Transitive",
        "resolved": "8.0.0",
        "contentHash": "3lE/iLSutpgX1CC0NOW70FJoGARRHbyKmG7dc0klnUZ9Dd9hS6N/POPWhKhMLCEuNN5nXEY5agmlFtH562vqhQ==",
        "dependencies": {
          "Microsoft.Extensions.Primitives": "8.0.0"
        }
      },
      "Microsoft.Extensions.Configuration.Binder": {
        "type": "Transitive",
        "resolved": "8.0.0",
        "contentHash": "mBMoXLsr5s1y2zOHWmKsE9veDcx8h1x/c3rz4baEdQKTeDcmQAPNbB54Pi/lhFO3K431eEq6PFbMgLaa6PHFfA==",
        "dependencies": {
          "Microsoft.Extensions.Configuration.Abstractions": "8.0.0"
        }
      },
      "Microsoft.Extensions.DependencyInjection": {
        "type": "Transitive",
        "resolved": "8.0.0",
        "contentHash": "V8S3bsm50ig6JSyrbcJJ8bW2b9QLGouz+G1miK3UTaOWmMtFwNNNzUf4AleyDWUmTrWMLNnFSLEQtxmxgNQnNQ==",
        "dependencies": {
          "Microsoft.Extensions.DependencyInjection.Abstractions": "8.0.0"
        }
      },
      "Microsoft.Extensions.DependencyInjection.Abstractions": {
        "type": "Transitive",
        "resolved": "8.0.0",
        "contentHash": "cjWrLkJXK0rs4zofsK4bSdg+jhDLTaxrkXu4gS6Y7MAlCvRyNNgwY/lJi5RDlQOnSZweHqoyvgvbdvQsRIW+hg=="
      },
      "Microsoft.Extensions.Diagnostics.Abstractions": {
        "type": "Transitive",
        "resolved": "8.0.0",
        "contentHash": "JHYCQG7HmugNYUhOl368g+NMxYE/N/AiclCYRNlgCY9eVyiBkOHMwK4x60RYMxv9EL3+rmj1mqHvdCiPpC+D4Q==",
        "dependencies": {
          "Microsoft.Extensions.DependencyInjection.Abstractions": "8.0.0",
          "Microsoft.Extensions.Options": "8.0.0",
          "System.Diagnostics.DiagnosticSource": "8.0.0"
        }
      },
      "Microsoft.Extensions.Diagnostics.HealthChecks": {
        "type": "Transitive",
        "resolved": "8.0.0",
        "contentHash": "P9SoBuVZhJPpALZmSq72aQEb9ryP67EdquaCZGXGrrcASTNHYdrUhnpgSwIipgM5oVC+dKpRXg5zxobmF9xr5g==",
        "dependencies": {
          "Microsoft.Extensions.Diagnostics.HealthChecks.Abstractions": "8.0.0",
          "Microsoft.Extensions.Hosting.Abstractions": "8.0.0",
          "Microsoft.Extensions.Logging.Abstractions": "8.0.0",
          "Microsoft.Extensions.Options": "8.0.0"
        }
      },
      "Microsoft.Extensions.Diagnostics.HealthChecks.Abstractions": {
        "type": "Transitive",
        "resolved": "8.0.0",
        "contentHash": "AT2qqos3IgI09ok36Qag9T8bb6kHJ3uT9Q5ki6CySybFsK6/9JbvQAgAHf1pVEjST0/N4JaFaCbm40R5edffwg=="
      },
      "Microsoft.Extensions.FileProviders.Abstractions": {
        "type": "Transitive",
        "resolved": "8.0.0",
        "contentHash": "ZbaMlhJlpisjuWbvXr4LdAst/1XxH3vZ6A0BsgTphZ2L4PGuxRLz7Jr/S7mkAAnOn78Vu0fKhEgNF5JO3zfjqQ==",
        "dependencies": {
          "Microsoft.Extensions.Primitives": "8.0.0"
        }
      },
      "Microsoft.Extensions.Hosting.Abstractions": {
        "type": "Transitive",
        "resolved": "8.0.0",
        "contentHash": "AG7HWwVRdCHlaA++1oKDxLsXIBxmDpMPb3VoyOoAghEWnkUvEAdYQUwnV4jJbAaa/nMYNiEh5ByoLauZBEiovg==",
        "dependencies": {
          "Microsoft.Extensions.Configuration.Abstractions": "8.0.0",
          "Microsoft.Extensions.DependencyInjection.Abstractions": "8.0.0",
          "Microsoft.Extensions.Diagnostics.Abstractions": "8.0.0",
          "Microsoft.Extensions.FileProviders.Abstractions": "8.0.0",
          "Microsoft.Extensions.Logging.Abstractions": "8.0.0"
        }
      },
      "Microsoft.Extensions.Logging.Abstractions": {
        "type": "Transitive",
        "resolved": "8.0.0",
        "contentHash": "arDBqTgFCyS0EvRV7O3MZturChstm50OJ0y9bDJvAcmEPJm0FFpFyjU/JLYyStNGGey081DvnQYlncNX5SJJGA==",
        "dependencies": {
          "Microsoft.Extensions.DependencyInjection.Abstractions": "8.0.0"
        }
      },
      "Microsoft.Extensions.Options": {
        "type": "Transitive",
        "resolved": "8.0.0",
        "contentHash": "JOVOfqpnqlVLUzINQ2fox8evY2SKLYJ3BV8QDe/Jyp21u1T7r45x/R/5QdteURMR5r01GxeJSBBUOCOyaNXA3g==",
        "dependencies": {
          "Microsoft.Extensions.DependencyInjection.Abstractions": "8.0.0",
          "Microsoft.Extensions.Primitives": "8.0.0"
        }
      },
      "Microsoft.Extensions.Primitives": {
        "type": "Transitive",
        "resolved": "8.0.0",
        "contentHash": "bXJEZrW9ny8vjMF1JV253WeLhpEVzFo1lyaZu1vQ4ZxWUlVvknZ/+ftFgVheLubb4eZPSwwxBeqS1JkCOjxd8g=="
      },
      "Microsoft.IdentityModel.Abstractions": {
        "type": "Transitive",
        "resolved": "7.0.0",
        "contentHash": "7iSWSRR72VKeonFdfDi43Lvkca98Y0F3TmmWhRSuHbkjk/IKUSO0Qd272LQFZpi5eDNQNbUXy3o4THXhOAU6cw=="
      },
      "Microsoft.IdentityModel.Logging": {
        "type": "Transitive",
        "resolved": "7.0.0",
        "contentHash": "6I35Kt2/PQZAyUYLo3+QgT/LubZ5/4Ojelkbyo8KKdDgjMbVocAx2B3P5V7iMCz+rsAe/RLr6ql87QKnHtI+aw==",
        "dependencies": {
          "Microsoft.IdentityModel.Abstractions": "7.0.0"
        }
      },
      "Newtonsoft.Json": {
        "type": "Transitive",
        "resolved": "13.0.3",
        "contentHash": "HrC5BXdl00IP9zeV+0Z848QWPAoCr9P3bDEZguI+gkLcBKAOxix/tLEAAHC+UvDNPv4a2d18lOReHMOagPa+zQ=="
      },
      "Questrade.Library.HealthCheck.AspNetCore": {
        "type": "Transitive",
        "resolved": "3.0.0",
        "contentHash": "wFEMo9rodnkt2I1HnjdiBellxDoYlBina/7WfjhSEwELRGeWme4JiI4NwtnUkTC3+hY8hPhvJRGwpm2CNwadJw=="
      },
      "System.Diagnostics.DiagnosticSource": {
        "type": "Transitive",
        "resolved": "8.0.0",
        "contentHash": "c9xLpVz6PL9lp/djOWtk5KPDZq3cSYpmXoJQY524EOtuFl5z9ZtsotpsyrDW40U1DRnQSYvcPKEUV0X//u6gkQ=="
      },
      "System.Memory": {
        "type": "Transitive",
        "resolved": "4.5.3",
        "contentHash": "3oDzvc/zzetpTKWMShs1AADwZjQ/36HnsufHRPcOjyRAAMLDlu2iD33MBI2opxnezcVUtXyqDXXjoFMOU9c7SA=="
      }
    }
  }
}